
Microsoft Visual Studio Solution File, Format Version 12.00
# Visual Studio Version 17
VisualStudioVersion = 17.0.31903.59
MinimumVisualStudioVersion = 10.0.40219.1
Project("{2150E333-8FDC-42A3-9474-1A3956D46DE8}") = "src", "src", "{CE671079-C05B-433C-A13F-BEF32CC99456}"
EndProject
Project("{FAE04EC0-301F-11D3-BF4B-00C04F79EFBC}") = "SuperStore.Data", "src\SuperStore.Data\SuperStore.Data.csproj", "{72A6C8F0-9A37-4BE0-9FE6-48332A6B6688}"
EndProject
Project("{FAE04EC0-301F-11D3-BF4B-00C04F79EFBC}") = "SuperStore.API", "src\SuperStore.API\SuperStore.API.csproj", "{59B258BC-C4A9-44EF-8534-F7DEEEDDCFCE}"
EndProject
Project("{FAE04EC0-301F-11D3-BF4B-00C04F79EFBC}") = "SuperStore.MVC", "src\SuperStore.MVC\SuperStore.MVC.csproj", "{3A246C85-EFB9-4778-B5BB-6F1DF3EBB53C}"
EndProject
Project("{2150E333-8FDC-42A3-9474-1A3956D46DE8}") = "Presentation", "Presentation", "{BC7116A3-37B3-491E-9C79-32F24B656FF1}"
EndProject
Project("{2150E333-8FDC-42A3-9474-1A3956D46DE8}") = "Business", "Business", "{3E568AB2-1EB4-4C9E-9577-0E720EC453CA}"
EndProject
Project("{2150E333-8FDC-42A3-9474-1A3956D46DE8}") = "Model", "Model", "{D7ABFAF3-7C65-4491-B816-8548AD26B81B}"
EndProject
Project("{FAE04EC0-301F-11D3-BF4B-00C04F79EFBC}") = "SuperStore.Core", "src\SuperStore.Core\SuperStore.Core.csproj", "{0EE6FF52-8D39-430D-A6EB-A4DF12FB9857}"
EndProject
Global
	GlobalSection(SolutionConfigurationPlatforms) = preSolution
		Debug|Any CPU = Debug|Any CPU
		Release|Any CPU = Release|Any CPU
	EndGlobalSection
	GlobalSection(ProjectConfigurationPlatforms) = postSolution
		{72A6C8F0-9A37-4BE0-9FE6-48332A6B6688}.Debug|Any CPU.ActiveCfg = Debug|Any CPU
		{72A6C8F0-9A37-4BE0-9FE6-48332A6B6688}.Debug|Any CPU.Build.0 = Debug|Any CPU
		{72A6C8F0-9A37-4BE0-9FE6-48332A6B6688}.Release|Any CPU.ActiveCfg = Release|Any CPU
		{72A6C8F0-9A37-4BE0-9FE6-48332A6B6688}.Release|Any CPU.Build.0 = Release|Any CPU
		{59B258BC-C4A9-44EF-8534-F7DEEEDDCFCE}.Debug|Any CPU.ActiveCfg = Debug|Any CPU
		{59B258BC-C4A9-44EF-8534-F7DEEEDDCFCE}.Debug|Any CPU.Build.0 = Debug|Any CPU
		{59B258BC-C4A9-44EF-8534-F7DEEEDDCFCE}.Release|Any CPU.ActiveCfg = Release|Any CPU
		{59B258BC-C4A9-44EF-8534-F7DEEEDDCFCE}.Release|Any CPU.Build.0 = Release|Any CPU
		{3A246C85-EFB9-4778-B5BB-6F1DF3EBB53C}.Debug|Any CPU.ActiveCfg = Debug|Any CPU
		{3A246C85-EFB9-4778-B5BB-6F1DF3EBB53C}.Debug|Any CPU.Build.0 = Debug|Any CPU
		{3A246C85-EFB9-4778-B5BB-6F1DF3EBB53C}.Release|Any CPU.ActiveCfg = Release|Any CPU
		{3A246C85-EFB9-4778-B5BB-6F1DF3EBB53C}.Release|Any CPU.Build.0 = Release|Any CPU
		{0EE6FF52-8D39-430D-A6EB-A4DF12FB9857}.Debug|Any CPU.ActiveCfg = Debug|Any CPU
		{0EE6FF52-8D39-430D-A6EB-A4DF12FB9857}.Debug|Any CPU.Build.0 = Debug|Any CPU
		{0EE6FF52-8D39-430D-A6EB-A4DF12FB9857}.Release|Any CPU.ActiveCfg = Release|Any CPU
		{0EE6FF52-8D39-430D-A6EB-A4DF12FB9857}.Release|Any CPU.Build.0 = Release|Any CPU
	EndGlobalSection
	GlobalSection(SolutionProperties) = preSolution
		HideSolutionNode = FALSE
	EndGlobalSection
	GlobalSection(NestedProjects) = preSolution
		{72A6C8F0-9A37-4BE0-9FE6-48332A6B6688} = {D7ABFAF3-7C65-4491-B816-8548AD26B81B}
		{59B258BC-C4A9-44EF-8534-F7DEEEDDCFCE} = {BC7116A3-37B3-491E-9C79-32F24B656FF1}
		{3A246C85-EFB9-4778-B5BB-6F1DF3EBB53C} = {BC7116A3-37B3-491E-9C79-32F24B656FF1}
		{BC7116A3-37B3-491E-9C79-32F24B656FF1} = {CE671079-C05B-433C-A13F-BEF32CC99456}
		{3E568AB2-1EB4-4C9E-9577-0E720EC453CA} = {CE671079-C05B-433C-A13F-BEF32CC99456}
		{D7ABFAF3-7C65-4491-B816-8548AD26B81B} = {CE671079-C05B-433C-A13F-BEF32CC99456}
		{0EE6FF52-8D39-430D-A6EB-A4DF12FB9857} = {3E568AB2-1EB4-4C9E-9577-0E720EC453CA}
	EndGlobalSection
	GlobalSection(ExtensibilityGlobals) = postSolution
		SolutionGuid = {A2374882-3FF1-4A02-9E48-C513F5A98341}
	EndGlobalSection
EndGlobal
